
Microsoft Visual Studio Solution File, Format Version 12.00
# Visual Studio Version 17
VisualStudioVersion = 17.0.32014.148
MinimumVisualStudioVersion = 10.0.40219.1
Project("{9A19103F-16F7-4668-BE54-9A1E7A4F7556}") = "ClassLibrary1", "ClassLibrary1\ClassLibrary1.csproj", "{A258C620-8118-44D7-A404-8C350BC9C0F9}"
EndProject
Project("{FAE04EC0-301F-11D3-BF4B-00C04F79EFBC}") = "TestProject1", "TestProject1\TestProject1.csproj", "{5E551B40-97F4-4A17-97A1-0F44A9197909}"
EndProject
Global
	GlobalSection(SolutionConfigurationPlatforms) = preSolution
		Debug|Any CPU = Debug|Any CPU
		Release|Any CPU = Release|Any CPU
	EndGlobalSection
	GlobalSection(ProjectConfigurationPlatforms) = postSolution
		{A258C620-8118-44D7-A404-8C350BC9C0F9}.Debug|Any CPU.ActiveCfg = Debug|Any CPU
		{A258C620-8118-44D7-A404-8C350BC9C0F9}.Debug|Any CPU.Build.0 = Debug|Any CPU
		{A258C620-8118-44D7-A404-8C350BC9C0F9}.Release|Any CPU.ActiveCfg = Release|Any CPU
		{A258C620-8118-44D7-A404-8C350BC9C0F9}.Release|Any CPU.Build.0 = Release|Any CPU
		{5E551B40-97F4-4A17-97A1-0F44A9197909}.Debug|Any CPU.ActiveCfg = Debug|Any CPU
		{5E551B40-97F4-4A17-97A1-0F44A9197909}.Debug|Any CPU.Build.0 = Debug|Any CPU
		{5E551B40-97F4-4A17-97A1-0F44A9197909}.Release|Any CPU.ActiveCfg = Release|Any CPU
		{5E551B40-97F4-4A17-97A1-0F44A9197909}.Release|Any CPU.Build.0 = Release|Any CPU
	EndGlobalSection
	GlobalSection(SolutionProperties) = preSolution
		HideSolutionNode = FALSE
	EndGlobalSection
	GlobalSection(ExtensibilityGlobals) = postSolution
		SolutionGuid = {91598710-D06E-497B-A556-8554FF6499CE}
	EndGlobalSection
EndGlobal
